
Microsoft Visual Studio Solution File, Format Version 12.00
# Visual Studio 15
VisualStudioVersion = 15.0.27703.2047
MinimumVisualStudioVersion = 10.0.40219.1
Project("{8BC9CEB8-8B4A-11D0-8D11-00A0C91BC942}") = "ProMage2", "Code\Game\Game.vcxproj", "{346BCA20-3FE3-4269-88D5-E52E0135E2A5}"
	ProjectSection(ProjectDependencies) = postProject
		{4E996EE2-BE3A-465C-AEAF-405F3E769496} = {4E996EE2-BE3A-465C-AEAF-405F3E769496}
	EndProjectSection
EndProject
Project("{8BC9CEB8-8B4A-11D0-8D11-00A0C91BC942}") = "Engine", "Code\Submodule\Engine\Code\Engine\Engine.vcxproj", "{4E996EE2-BE3A-465C-AEAF-405F3E769496}"
EndProject
Global
	GlobalSection(SolutionConfigurationPlatforms) = preSolution
		Debug|x64 = Debug|x64
		Debug|x86 = Debug|x86
		FastBreak|x64 = FastBreak|x64
		FastBreak|x86 = FastBreak|x86
		Release|x64 = Release|x64
		Release|x86 = Release|x86
	EndGlobalSection
	GlobalSection(ProjectConfigurationPlatforms) = postSolution
		{346BCA20-3FE3-4269-88D5-E52E0135E2A5}.Debug|x64.ActiveCfg = Debug|x64
		{346BCA20-3FE3-4269-88D5-E52E0135E2A5}.Debug|x64.Build.0 = Debug|x64
		{346BCA20-3FE3-4269-88D5-E52E0135E2A5}.Debug|x86.ActiveCfg = Debug|Win32
		{346BCA20-3FE3-4269-88D5-E52E0135E2A5}.Debug|x86.Build.0 = Debug|Win32
		{346BCA20-3FE3-4269-88D5-E52E0135E2A5}.FastBreak|x64.ActiveCfg = FastBreak|x64
		{346BCA20-3FE3-4269-88D5-E52E0135E2A5}.FastBreak|x64.Build.0 = FastBreak|x64
		{346BCA20-3FE3-4269-88D5-E52E0135E2A5}.FastBreak|x86.ActiveCfg = FastBreak|Win32
		{346BCA20-3FE3-4269-88D5-E52E0135E2A5}.FastBreak|x86.Build.0 = FastBreak|Win32
		{346BCA20-3FE3-4269-88D5-E52E0135E2A5}.Release|x64.ActiveCfg = Release|x64
		{346BCA20-3FE3-4269-88D5-E52E0135E2A5}.Release|x64.Build.0 = Release|x64
		{346BCA20-3FE3-4269-88D5-E52E0135E2A5}.Release|x86.ActiveCfg = Release|Win32
		{346BCA20-3FE3-4269-88D5-E52E0135E2A5}.Release|x86.Build.0 = Release|Win32
		{4E996EE2-BE3A-465C-AEAF-405F3E769496}.Debug|x64.ActiveCfg = Debug|x64
		{4E996EE2-BE3A-465C-AEAF-405F3E769496}.Debug|x64.Build.0 = Debug|x64
		{4E996EE2-BE3A-465C-AEAF-405F3E769496}.Debug|x86.ActiveCfg = Debug|Win32
		{4E996EE2-BE3A-465C-AEAF-405F3E769496}.Debug|x86.Build.0 = Debug|Win32
		{4E996EE2-BE3A-465C-AEAF-405F3E769496}.FastBreak|x64.ActiveCfg = FastBreak|x64
		{4E996EE2-BE3A-465C-AEAF-405F3E769496}.FastBreak|x64.Build.0 = FastBreak|x64
		{4E996EE2-BE3A-465C-AEAF-405F3E769496}.FastBreak|x86.ActiveCfg = FastBreak|Win32
		{4E996EE2-BE3A-465C-AEAF-405F3E769496}.FastBreak|x86.Build.0 = FastBreak|Win32
		{4E996EE2-BE3A-465C-AEAF-405F3E769496}.Release|x64.ActiveCfg = Release|x64
		{4E996EE2-BE3A-465C-AEAF-405F3E769496}.Release|x64.Build.0 = Release|x64
		{4E996EE2-BE3A-465C-AEAF-405F3E769496}.Release|x86.ActiveCfg = Release|Win32
		{4E996EE2-BE3A-465C-AEAF-405F3E769496}.Release|x86.Build.0 = Release|Win32
	EndGlobalSection
	GlobalSection(SolutionProperties) = preSolution
		HideSolutionNode = FALSE
	EndGlobalSection
	GlobalSection(ExtensibilityGlobals) = postSolution
		SolutionGuid = {30FE3B89-5ACC-4DE5-B867-E75F0611F53F}
	EndGlobalSection
EndGlobal
