<?xml version="1.0" encoding="utf-8"?>
<Project ToolsVersion="4.0" xmlns="http://schemas.microsoft.com/developer/msbuild/2003">
  <ItemGroup>
    <Filter Include="General">
      <UniqueIdentifier>{4FC737F1-C7A5-4376-A066-2A32D752A2FF}</UniqueIdentifier>
      <Extensions>cpp;c;cc;cxx;def;odl;idl;hpj;bat;asm;asmx</Extensions>
    </Filter>
    <Filter Include="Entities">
      <UniqueIdentifier>{1a45e6d1-7557-46a2-a06e-24de451c1203}</UniqueIdentifier>
    </Filter>
    <Filter Include="Data">
      <UniqueIdentifier>{4c835591-a5d2-4953-8db1-e922010d0e0e}</UniqueIdentifier>
    </Filter>
    <Filter Include="UI">
      <UniqueIdentifier>{b9d6a342-6dfc-4dd1-8a82-8022a6e70fae}</UniqueIdentifier>
    </Filter>
    <Filter Include="GameState">
      <UniqueIdentifier>{619bc928-4074-4a4f-ad01-661269a7add2}</UniqueIdentifier>
    </Filter>
    <Filter Include="ActorComponents">
      <UniqueIdentifier>{21b44ac0-fe81-45a7-a6f0-892d46a5161d}</UniqueIdentifier>
    </Filter>
    <Filter Include="MapGen">
      <UniqueIdentifier>{d2dd936d-8f61-497f-ad46-124ffbac0806}</UniqueIdentifier>
    </Filter>
    <Filter Include="MapGen\Map">
      <UniqueIdentifier>{b85a1e67-8e1e-4db1-bda0-9c913f76a47c}</UniqueIdentifier>
    </Filter>
    <Filter Include="MapGen\GenSteps">
      <UniqueIdentifier>{3daa73b8-ba35-4666-a134-5f7d57c48184}</UniqueIdentifier>
    </Filter>
    <Filter Include="Editor">
      <UniqueIdentifier>{751c9ab8-de6e-4190-bc4f-a3f86aba30b8}</UniqueIdentifier>
    </Filter>
  </ItemGroup>
  <ItemGroup>
    <ClCompile Include="App.cpp">
      <Filter>General</Filter>
    </ClCompile>
    <ClCompile Include="Game.cpp">
      <Filter>General</Filter>
    </ClCompile>
    <ClCompile Include="Entity.cpp">
      <Filter>Entities</Filter>
    </ClCompile>
    <ClCompile Include="GameInput.cpp">
      <Filter>General</Filter>
    </ClCompile>
    <ClCompile Include="UIButton.cpp">
      <Filter>UI</Filter>
    </ClCompile>
    <ClCompile Include="UILabel.cpp">
      <Filter>UI</Filter>
    </ClCompile>
    <ClCompile Include="UIWidget.cpp">
      <Filter>UI</Filter>
    </ClCompile>
    <ClCompile Include="Item.cpp">
      <Filter>Entities</Filter>
    </ClCompile>
    <ClCompile Include="ItemDef.cpp">
      <Filter>Entities</Filter>
    </ClCompile>
    <ClCompile Include="XMLUtils.cpp">
      <Filter>General</Filter>
    </ClCompile>
    <ClCompile Include="Actor.cpp">
      <Filter>Entities</Filter>
    </ClCompile>
    <ClCompile Include="ActorDef.cpp">
      <Filter>Entities</Filter>
    </ClCompile>
    <ClCompile Include="TopDownFollowCamera.cpp">
      <Filter>General</Filter>
    </ClCompile>
    <ClCompile Include="GameState.cpp">
      <Filter>GameState</Filter>
    </ClCompile>
    <ClCompile Include="GameStateMainMenu.cpp">
      <Filter>GameState</Filter>
    </ClCompile>
    <ClCompile Include="GameStatePlay.cpp">
      <Filter>GameState</Filter>
    </ClCompile>
    <ClCompile Include="ActorController.cpp">
      <Filter>ActorComponents</Filter>
    </ClCompile>
    <ClCompile Include="PlayerController.cpp">
      <Filter>ActorComponents</Filter>
    </ClCompile>
    <ClCompile Include="Animator.cpp">
      <Filter>ActorComponents</Filter>
    </ClCompile>
    <ClCompile Include="StatsManager.cpp">
      <Filter>ActorComponents</Filter>
    </ClCompile>
    <ClCompile Include="Main_Windows.cpp">
      <Filter>General</Filter>
    </ClCompile>
    <ClCompile Include="MerchantController.cpp">
      <Filter>ActorComponents</Filter>
    </ClCompile>
    <ClCompile Include="Inventory.cpp">
      <Filter>ActorComponents</Filter>
    </ClCompile>
    <ClCompile Include="EnemyController.cpp">
      <Filter>ActorComponents</Filter>
    </ClCompile>
    <ClCompile Include="CreditsController.cpp">
      <Filter>ActorComponents</Filter>
    </ClCompile>
    <ClCompile Include="MapGen\GenSteps\MapGenStep.cpp">
      <Filter>MapGen\GenSteps</Filter>
    </ClCompile>
    <ClCompile Include="MapGen\Map\Map.cpp">
      <Filter>MapGen\Map</Filter>
    </ClCompile>
    <ClCompile Include="MapGen\Map\MapDef.cpp">
      <Filter>MapGen\Map</Filter>
    </ClCompile>
    <ClCompile Include="MapGen\Map\Metadata.cpp">
      <Filter>MapGen\Map</Filter>
    </ClCompile>
    <ClCompile Include="MapGen\Map\Tile.cpp">
      <Filter>MapGen\Map</Filter>
    </ClCompile>
    <ClCompile Include="MapGen\Map\TileDef.cpp">
      <Filter>MapGen\Map</Filter>
    </ClCompile>
    <ClCompile Include="MapGen\GenSteps\MGS_Sprinkle.cpp">
      <Filter>MapGen\GenSteps</Filter>
    </ClCompile>
    <ClCompile Include="MapGen\GenSteps\MGS_CellularAutomata.cpp">
      <Filter>MapGen\GenSteps</Filter>
    </ClCompile>
    <ClCompile Include="MapGen\GenSteps\MGS_DistanceField.cpp">
      <Filter>MapGen\GenSteps</Filter>
    </ClCompile>
    <ClCompile Include="MapGen\GenSteps\MGS_FromImage.cpp">
      <Filter>MapGen\GenSteps</Filter>
    </ClCompile>
    <ClCompile Include="MapGen\GenSteps\MGS_PerlinNoise.cpp">
      <Filter>MapGen\GenSteps</Filter>
    </ClCompile>
    <ClCompile Include="MapGen\GenSteps\MGS_RoomsAndPaths.cpp">
      <Filter>MapGen\GenSteps</Filter>
    </ClCompile>
    <ClCompile Include="..\Editor\Editor.cpp">
      <Filter>Editor</Filter>
    </ClCompile>
    <ClCompile Include="..\Editor\EditorWindow.cpp">
      <Filter>Editor</Filter>
    </ClCompile>
    <ClCompile Include="..\Editor\EditorMapDef.cpp">
      <Filter>Editor</Filter>
    </ClCompile>
    <ClCompile Include="..\Editor\MapWindow.cpp">
      <Filter>Editor</Filter>
    </ClCompile>
    <ClCompile Include="..\Editor\StepWindow.cpp">
      <Filter>Editor</Filter>
    </ClCompile>
    <ClCompile Include="..\Editor\XmlWindow.cpp">
      <Filter>Editor</Filter>
    </ClCompile>
    <ClCompile Include="..\Editor\EditorMapGenStep.cpp">
      <Filter>Editor</Filter>
    </ClCompile>
    <ClCompile Include="..\Editor\ImGuiUtils.cpp">
      <Filter>Editor</Filter>
    </ClCompile>
    <ClCompile Include="MapGen\GenSteps\MotifDef.cpp">
      <Filter>MapGen\GenSteps</Filter>
    </ClCompile>
    <ClCompile Include="MapGen\GenSteps\MGS_CustomDef.cpp">
      <Filter>MapGen\GenSteps</Filter>
    </ClCompile>
    <ClCompile Include="MapGen\GenSteps\MGS_Custom.cpp">
      <Filter>MapGen\GenSteps</Filter>
    </ClCompile>
  </ItemGroup>
  <ItemGroup>
    <ClInclude Include="App.hpp">
      <Filter>General</Filter>
    </ClInclude>
    <ClInclude Include="GameCommon.hpp">
      <Filter>General</Filter>
    </ClInclude>
    <ClInclude Include="Game.hpp">
      <Filter>General</Filter>
    </ClInclude>
    <ClInclude Include="Entity.hpp">
      <Filter>Entities</Filter>
    </ClInclude>
    <ClInclude Include="EngineBuildPreferences.hpp">
      <Filter>General</Filter>
    </ClInclude>
    <ClInclude Include="GameInput.hpp">
      <Filter>General</Filter>
    </ClInclude>
    <ClInclude Include="UIButton.hpp">
      <Filter>UI</Filter>
    </ClInclude>
    <ClInclude Include="UILabel.hpp">
      <Filter>UI</Filter>
    </ClInclude>
    <ClInclude Include="UIWidget.hpp">
      <Filter>UI</Filter>
    </ClInclude>
    <ClInclude Include="Item.hpp">
      <Filter>Entities</Filter>
    </ClInclude>
    <ClInclude Include="ItemDef.hpp">
      <Filter>Entities</Filter>
    </ClInclude>
    <ClInclude Include="XMLUtils.hpp">
      <Filter>General</Filter>
    </ClInclude>
    <ClInclude Include="Actor.hpp">
      <Filter>Entities</Filter>
    </ClInclude>
    <ClInclude Include="ActorDef.hpp">
      <Filter>Entities</Filter>
    </ClInclude>
    <ClInclude Include="TopDownFollowCamera.hpp">
      <Filter>General</Filter>
    </ClInclude>
    <ClInclude Include="GameState.hpp">
      <Filter>GameState</Filter>
    </ClInclude>
    <ClInclude Include="GameStateMainMenu.hpp">
      <Filter>GameState</Filter>
    </ClInclude>
    <ClInclude Include="GameStatePlay.hpp">
      <Filter>GameState</Filter>
    </ClInclude>
    <ClInclude Include="ActorController.hpp">
      <Filter>ActorComponents</Filter>
    </ClInclude>
    <ClInclude Include="PlayerController.hpp">
      <Filter>ActorComponents</Filter>
    </ClInclude>
    <ClInclude Include="Animator.hpp">
      <Filter>ActorComponents</Filter>
    </ClInclude>
    <ClInclude Include="StatsManager.hpp">
      <Filter>ActorComponents</Filter>
    </ClInclude>
    <ClInclude Include="MerchantController.hpp">
      <Filter>ActorComponents</Filter>
    </ClInclude>
    <ClInclude Include="Inventory.hpp">
      <Filter>ActorComponents</Filter>
    </ClInclude>
    <ClInclude Include="EnemyController.hpp">
      <Filter>ActorComponents</Filter>
    </ClInclude>
    <ClInclude Include="CreditsController.hpp">
      <Filter>ActorComponents</Filter>
    </ClInclude>
    <ClInclude Include="MapGen\GenSteps\MapGenStep.hpp">
      <Filter>MapGen\GenSteps</Filter>
    </ClInclude>
    <ClInclude Include="MapGen\Map\Map.hpp">
      <Filter>MapGen\Map</Filter>
    </ClInclude>
    <ClInclude Include="MapGen\Map\MapDef.hpp">
      <Filter>MapGen\Map</Filter>
    </ClInclude>
    <ClInclude Include="MapGen\Map\Metadata.hpp">
      <Filter>MapGen\Map</Filter>
    </ClInclude>
    <ClInclude Include="MapGen\Map\Tile.hpp">
      <Filter>MapGen\Map</Filter>
    </ClInclude>
    <ClInclude Include="MapGen\Map\TileDef.hpp">
      <Filter>MapGen\Map</Filter>
    </ClInclude>
    <ClInclude Include="MapGen\GenSteps\MGS_Sprinkle.hpp">
      <Filter>MapGen\GenSteps</Filter>
    </ClInclude>
    <ClInclude Include="MapGen\GenSteps\MGS_CellularAutomata.hpp">
      <Filter>MapGen\GenSteps</Filter>
    </ClInclude>
    <ClInclude Include="MapGen\GenSteps\MGS_DistanceField.hpp">
      <Filter>MapGen\GenSteps</Filter>
    </ClInclude>
    <ClInclude Include="MapGen\GenSteps\MGS_FromImage.hpp">
      <Filter>MapGen\GenSteps</Filter>
    </ClInclude>
    <ClInclude Include="MapGen\GenSteps\MGS_PerlinNoise.hpp">
      <Filter>MapGen\GenSteps</Filter>
    </ClInclude>
    <ClInclude Include="MapGen\GenSteps\MGS_RoomsAndPaths.hpp">
      <Filter>MapGen\GenSteps</Filter>
    </ClInclude>
    <ClInclude Include="..\Editor\Editor.hpp">
      <Filter>Editor</Filter>
    </ClInclude>
    <ClInclude Include="..\Editor\EditorCommon.hpp">
      <Filter>Editor</Filter>
    </ClInclude>
    <ClInclude Include="..\Editor\EditorWindow.hpp">
      <Filter>Editor</Filter>
    </ClInclude>
    <ClInclude Include="..\Editor\EditorMapDef.hpp">
      <Filter>Editor</Filter>
    </ClInclude>
    <ClInclude Include="..\Editor\MapWindow.hpp">
      <Filter>Editor</Filter>
    </ClInclude>
    <ClInclude Include="..\Editor\StepWindow.hpp">
      <Filter>Editor</Filter>
    </ClInclude>
    <ClInclude Include="..\Editor\XmlWindow.hpp">
      <Filter>Editor</Filter>
    </ClInclude>
    <ClInclude Include="..\Editor\EditorMapGenStep.hpp">
      <Filter>Editor</Filter>
    </ClInclude>
    <ClInclude Include="..\Editor\ImGuiUtils.hpp">
      <Filter>Editor</Filter>
    </ClInclude>
    <ClInclude Include="MapGen\GenSteps\MotifDef.hpp">
      <Filter>MapGen\GenSteps</Filter>
    </ClInclude>
    <ClInclude Include="MapGen\GenSteps\MGS_CustomDef.hpp">
      <Filter>MapGen\GenSteps</Filter>
    </ClInclude>
    <ClInclude Include="MapGen\GenSteps\MGS_Custom.hpp">
      <Filter>MapGen\GenSteps</Filter>
    </ClInclude>
  </ItemGroup>
  <ItemGroup>
    <Xml Include="..\..\Run\Data\ProjectConfig.xml">
      <Filter>Data</Filter>
    </Xml>
    <Xml Include="..\..\Run\Data\Gameplay\ActorDefs.xml">
      <Filter>Data</Filter>
    </Xml>
    <Xml Include="..\..\Run\Data\Gameplay\ItemDefs.xml">
      <Filter>Data</Filter>
    </Xml>
    <Xml Include="..\..\Run\Data\Gameplay\MapDefs.xml">
      <Filter>Data</Filter>
    </Xml>
    <Xml Include="..\..\Run\Data\Gameplay\TileDefs.xml">
      <Filter>Data</Filter>
    </Xml>
    <Xml Include="..\..\Run\Data\Gameplay\Inventory.xml">
      <Filter>Data</Filter>
    </Xml>
    <Xml Include="..\..\Run\Data\Gameplay\SpriteSheets.xml">
      <Filter>Data</Filter>
    </Xml>
    <Xml Include="..\..\Run\Data\Gameplay\SpriteAnims.xml">
      <Filter>Data</Filter>
    </Xml>
    <Xml Include="..\..\Run\Data\Gameplay\IsoAnims.xml">
      <Filter>Data</Filter>
    </Xml>
    <Xml Include="..\..\Run\Data\Gameplay\Progression.xml">
      <Filter>Data</Filter>
    </Xml>
    <Xml Include="..\..\Run\Data\Gameplay\Motifs.xml">
      <Filter>Data</Filter>
    </Xml>
    <Xml Include="..\..\Run\Data\Gameplay\CustomStepDefs.xml">
      <Filter>Data</Filter>
    </Xml>
  </ItemGroup>
</Project>